
Microsoft Visual Studio Solution File, Format Version 12.00
# Visual Studio Version 16
VisualStudioVersion = 16.0.30011.22
MinimumVisualStudioVersion = 10.0.40219.1
Project("{FAE04EC0-301F-11D3-BF4B-00C04F79EFBC}") = "RSA", "RSA\RSA.csproj", "{DF115FB9-B3B7-4D86-B443-473A4169E7F4}"
EndProject
Global
	GlobalSection(SolutionConfigurationPlatforms) = preSolution
		Debug|Any CPU = Debug|Any CPU
		Release|Any CPU = Release|Any CPU
	EndGlobalSection
	GlobalSection(ProjectConfigurationPlatforms) = postSolution
		{DF115FB9-B3B7-4D86-B443-473A4169E7F4}.Debug|Any CPU.ActiveCfg = Debug|Any CPU
		{DF115FB9-B3B7-4D86-B443-473A4169E7F4}.Debug|Any CPU.Build.0 = Debug|Any CPU
		{DF115FB9-B3B7-4D86-B443-473A4169E7F4}.Release|Any CPU.ActiveCfg = Release|Any CPU
		{DF115FB9-B3B7-4D86-B443-473A4169E7F4}.Release|Any CPU.Build.0 = Release|Any CPU
	EndGlobalSection
	GlobalSection(SolutionProperties) = preSolution
		HideSolutionNode = FALSE
	EndGlobalSection
	GlobalSection(ExtensibilityGlobals) = postSolution
		SolutionGuid = {139AFA16-AD82-4260-9D40-B77A24B17726}
	EndGlobalSection
EndGlobal
